{
  "requires": true,
  "lockfileVersion": 1,
  "dependencies": {
    "agentkeepalive": {
      "version": "0.2.4",
      "resolved": "https://registry.npmjs.org/agentkeepalive/-/agentkeepalive-0.2.4.tgz",
      "integrity": "sha1-0T7e5OAZD2E/Ej5/+dl3j3kzluY="
    },
    "babble": {
      "version": "0.11.0",
      "resolved": "https://registry.npmjs.org/babble/-/babble-0.11.0.tgz",
      "integrity": "sha1-YveOpfzAyW1jRq9kNZrLYroAVC0=",
      "requires": {
        "es6-promise": "^3.1.2",
        "node-uuid": "~1.4.7",
        "pubnub": "~3.9.2",
        "pubsub-js": "~1.5.3"
      }
    },
    "babel": {
      "version": "6.23.0",
      "resolved": "https://registry.npmjs.org/babel/-/babel-6.23.0.tgz",
      "integrity": "sha1-0NHn2APpdHZb7qMjLU4VPA77kPQ="
    },
    "es6-promise": {
      "version": "3.3.1",
      "resolved": "https://registry.npmjs.org/es6-promise/-/es6-promise-3.3.1.tgz",
      "integrity": "sha1-oIzd6EzNvzTQJ6FFG8kdS80ophM="
    },
    "lodash": {
      "version": "4.17.10",
      "resolved": "https://registry.npmjs.org/lodash/-/lodash-4.17.10.tgz",
      "integrity": "sha512-UejweD1pDoXu+AD825lWwp4ZGtSwgnpZxb3JDViD7StjQz+Nb/6l093lx4OQ0foGWNRoc19mWy7BzL+UAK2iVg=="
    },
    "node-uuid": {
      "version": "1.4.8",
      "resolved": "https://registry.npmjs.org/node-uuid/-/node-uuid-1.4.8.tgz",
      "integrity": "sha1-sEDrCSOWivq/jTL7HxfxFn/auQc="
    },
    "pubnub": {
      "version": "3.9.2",
      "resolved": "https://registry.npmjs.org/pubnub/-/pubnub-3.9.2.tgz",
      "integrity": "sha1-aNfGVL7mSLzX4TZBjQIjA7h1LOk=",
      "requires": {
        "agentkeepalive": "~0.2",
        "lodash": "^4.1.0"
      }
    },
    "pubsub-js": {
      "version": "1.5.8",
      "resolved": "https://registry.npmjs.org/pubsub-js/-/pubsub-js-1.5.8.tgz",
      "integrity": "sha512-xFYiphLY6y4P+c4fI8S5gBAeLr2/aJDShE8wNxEXyZzT+wqtP7HA+CUDXnkVpgsFy7va8KL1N+8/4lAfqJbnQg=="
    }
  }
}
